
Microsoft Visual Studio Solution File, Format Version 12.00
# Visual Studio 15
VisualStudioVersion = 15.0.28307.168
MinimumVisualStudioVersion = 10.0.40219.1
Project("{9A19103F-16F7-4668-BE54-9A1E7A4F7556}") = "01", "01\01.csproj", "{880393EC-5430-453C-80C5-539A93740105}"
EndProject
Project("{9A19103F-16F7-4668-BE54-9A1E7A4F7556}") = "02", "02\02.csproj", "{F85AFFBB-99A9-4261-AE0D-F8EF7DF67927}"
EndProject
Project("{9A19103F-16F7-4668-BE54-9A1E7A4F7556}") = "03", "03\03.csproj", "{48D470AA-F227-4D14-95C4-85309BDF6406}"
EndProject
Project("{9A19103F-16F7-4668-BE54-9A1E7A4F7556}") = "04", "04\04.csproj", "{357D25FF-A102-496F-9BAB-1A850A498E18}"
EndProject
Project("{9A19103F-16F7-4668-BE54-9A1E7A4F7556}") = "05", "05\05.csproj", "{343726C6-16BB-4E1D-B14D-48252DA416C6}"
EndProject
Project("{9A19103F-16F7-4668-BE54-9A1E7A4F7556}") = "06", "06\06.csproj", "{374BA49E-9A39-4709-9D77-14B4200B62AD}"
EndProject
Project("{9A19103F-16F7-4668-BE54-9A1E7A4F7556}") = "06_p1_Bad", "06_p1_Bad\06_p1_Bad.csproj", "{FB9D848B-5294-4F77-8167-125AC42F326A}"
EndProject
Project("{9A19103F-16F7-4668-BE54-9A1E7A4F7556}") = "07", "07\07.csproj", "{B3F8BF2A-6ADC-4648-B581-12350853702A}"
EndProject
Project("{9A19103F-16F7-4668-BE54-9A1E7A4F7556}") = "08", "08\08.csproj", "{FA94BC36-0A06-418C-A0D6-1B70C1CA3C33}"
EndProject
Project("{9A19103F-16F7-4668-BE54-9A1E7A4F7556}") = "09", "09\09.csproj", "{F1EBFC7E-5998-458F-BF7C-DD201BF959E9}"
EndProject
Project("{9A19103F-16F7-4668-BE54-9A1E7A4F7556}") = "10", "10\10.csproj", "{06A9906A-FE34-47A6-AEFB-859424A6D0F9}"
EndProject
Project("{9A19103F-16F7-4668-BE54-9A1E7A4F7556}") = "11", "11\11.csproj", "{4DB4E3D9-983E-4F52-BAEF-331C9E984B13}"
EndProject
Project("{9A19103F-16F7-4668-BE54-9A1E7A4F7556}") = "12", "12\12.csproj", "{7FF9690F-0917-4018-BA1A-FA39DE02ADFE}"
EndProject
Project("{9A19103F-16F7-4668-BE54-9A1E7A4F7556}") = "12_Part2", "12_Part2\12_Part2.csproj", "{57204CBC-C2D1-4BDF-8D74-1A5A7847766F}"
EndProject
Project("{9A19103F-16F7-4668-BE54-9A1E7A4F7556}") = "ExtentionsLib", "ExtentionsLib\ExtentionsLib.csproj", "{D524CFF4-5605-4DE1-A37C-715FF26649D3}"
EndProject
Project("{9A19103F-16F7-4668-BE54-9A1E7A4F7556}") = "13", "13\13.csproj", "{588D728C-F172-4BE9-BEAB-75A1F026E72B}"
EndProject
Project("{9A19103F-16F7-4668-BE54-9A1E7A4F7556}") = "14", "14\14.csproj", "{197440E7-54AD-4275-B71F-24E64A087607}"
EndProject
Project("{9A19103F-16F7-4668-BE54-9A1E7A4F7556}") = "15", "15\15.csproj", "{DD4C9110-D414-4DBB-A7EE-6B40CF80780A}"
EndProject
Project("{9A19103F-16F7-4668-BE54-9A1E7A4F7556}") = "16", "16\16.csproj", "{97092B6C-EA7F-4699-B329-AFD9121DEF0F}"
EndProject
Project("{9A19103F-16F7-4668-BE54-9A1E7A4F7556}") = "17", "17\17.csproj", "{8C5F43F7-1B31-410C-B54E-C73A5CE734F3}"
EndProject
Project("{9A19103F-16F7-4668-BE54-9A1E7A4F7556}") = "18", "18\18.csproj", "{819C037C-A590-4301-A45D-83F92DAC3A6A}"
EndProject
Project("{9A19103F-16F7-4668-BE54-9A1E7A4F7556}") = "19", "19\19.csproj", "{89F962D7-E007-4FB8-9DE4-94F960405F03}"
EndProject
Project("{9A19103F-16F7-4668-BE54-9A1E7A4F7556}") = "20", "20\20.csproj", "{78D5E549-0DF2-49C6-B01E-8C4959F60E72}"
EndProject
Project("{9A19103F-16F7-4668-BE54-9A1E7A4F7556}") = "Factorization", "Factorization\Factorization.csproj", "{D91524FB-7AFE-491C-98AC-2389AF65C004}"
EndProject
Project("{9A19103F-16F7-4668-BE54-9A1E7A4F7556}") = "22", "22\22.csproj", "{C412B328-CD42-43D9-BF88-97C828C6ED0C}"
EndProject
Project("{9A19103F-16F7-4668-BE54-9A1E7A4F7556}") = "23", "23\23.csproj", "{77C213A4-FA11-4721-A40B-3E9E4ECF54E1}"
EndProject
Global
	GlobalSection(SolutionConfigurationPlatforms) = preSolution
		Debug|Any CPU = Debug|Any CPU
		Release|Any CPU = Release|Any CPU
	EndGlobalSection
	GlobalSection(ProjectConfigurationPlatforms) = postSolution
		{880393EC-5430-453C-80C5-539A93740105}.Debug|Any CPU.ActiveCfg = Debug|Any CPU
		{880393EC-5430-453C-80C5-539A93740105}.Debug|Any CPU.Build.0 = Debug|Any CPU
		{880393EC-5430-453C-80C5-539A93740105}.Release|Any CPU.ActiveCfg = Release|Any CPU
		{880393EC-5430-453C-80C5-539A93740105}.Release|Any CPU.Build.0 = Release|Any CPU
		{F85AFFBB-99A9-4261-AE0D-F8EF7DF67927}.Debug|Any CPU.ActiveCfg = Debug|Any CPU
		{F85AFFBB-99A9-4261-AE0D-F8EF7DF67927}.Debug|Any CPU.Build.0 = Debug|Any CPU
		{F85AFFBB-99A9-4261-AE0D-F8EF7DF67927}.Release|Any CPU.ActiveCfg = Release|Any CPU
		{F85AFFBB-99A9-4261-AE0D-F8EF7DF67927}.Release|Any CPU.Build.0 = Release|Any CPU
		{48D470AA-F227-4D14-95C4-85309BDF6406}.Debug|Any CPU.ActiveCfg = Debug|Any CPU
		{48D470AA-F227-4D14-95C4-85309BDF6406}.Debug|Any CPU.Build.0 = Debug|Any CPU
		{48D470AA-F227-4D14-95C4-85309BDF6406}.Release|Any CPU.ActiveCfg = Release|Any CPU
		{48D470AA-F227-4D14-95C4-85309BDF6406}.Release|Any CPU.Build.0 = Release|Any CPU
		{357D25FF-A102-496F-9BAB-1A850A498E18}.Debug|Any CPU.ActiveCfg = Debug|Any CPU
		{357D25FF-A102-496F-9BAB-1A850A498E18}.Debug|Any CPU.Build.0 = Debug|Any CPU
		{357D25FF-A102-496F-9BAB-1A850A498E18}.Release|Any CPU.ActiveCfg = Release|Any CPU
		{357D25FF-A102-496F-9BAB-1A850A498E18}.Release|Any CPU.Build.0 = Release|Any CPU
		{343726C6-16BB-4E1D-B14D-48252DA416C6}.Debug|Any CPU.ActiveCfg = Debug|Any CPU
		{343726C6-16BB-4E1D-B14D-48252DA416C6}.Debug|Any CPU.Build.0 = Debug|Any CPU
		{343726C6-16BB-4E1D-B14D-48252DA416C6}.Release|Any CPU.ActiveCfg = Release|Any CPU
		{343726C6-16BB-4E1D-B14D-48252DA416C6}.Release|Any CPU.Build.0 = Release|Any CPU
		{374BA49E-9A39-4709-9D77-14B4200B62AD}.Debug|Any CPU.ActiveCfg = Debug|Any CPU
		{374BA49E-9A39-4709-9D77-14B4200B62AD}.Debug|Any CPU.Build.0 = Debug|Any CPU
		{374BA49E-9A39-4709-9D77-14B4200B62AD}.Release|Any CPU.ActiveCfg = Release|Any CPU
		{374BA49E-9A39-4709-9D77-14B4200B62AD}.Release|Any CPU.Build.0 = Release|Any CPU
		{FB9D848B-5294-4F77-8167-125AC42F326A}.Debug|Any CPU.ActiveCfg = Debug|Any CPU
		{FB9D848B-5294-4F77-8167-125AC42F326A}.Debug|Any CPU.Build.0 = Debug|Any CPU
		{FB9D848B-5294-4F77-8167-125AC42F326A}.Release|Any CPU.ActiveCfg = Release|Any CPU
		{FB9D848B-5294-4F77-8167-125AC42F326A}.Release|Any CPU.Build.0 = Release|Any CPU
		{B3F8BF2A-6ADC-4648-B581-12350853702A}.Debug|Any CPU.ActiveCfg = Debug|Any CPU
		{B3F8BF2A-6ADC-4648-B581-12350853702A}.Debug|Any CPU.Build.0 = Debug|Any CPU
		{B3F8BF2A-6ADC-4648-B581-12350853702A}.Release|Any CPU.ActiveCfg = Release|Any CPU
		{B3F8BF2A-6ADC-4648-B581-12350853702A}.Release|Any CPU.Build.0 = Release|Any CPU
		{FA94BC36-0A06-418C-A0D6-1B70C1CA3C33}.Debug|Any CPU.ActiveCfg = Debug|Any CPU
		{FA94BC36-0A06-418C-A0D6-1B70C1CA3C33}.Debug|Any CPU.Build.0 = Debug|Any CPU
		{FA94BC36-0A06-418C-A0D6-1B70C1CA3C33}.Release|Any CPU.ActiveCfg = Release|Any CPU
		{FA94BC36-0A06-418C-A0D6-1B70C1CA3C33}.Release|Any CPU.Build.0 = Release|Any CPU
		{F1EBFC7E-5998-458F-BF7C-DD201BF959E9}.Debug|Any CPU.ActiveCfg = Debug|Any CPU
		{F1EBFC7E-5998-458F-BF7C-DD201BF959E9}.Debug|Any CPU.Build.0 = Debug|Any CPU
		{F1EBFC7E-5998-458F-BF7C-DD201BF959E9}.Release|Any CPU.ActiveCfg = Release|Any CPU
		{F1EBFC7E-5998-458F-BF7C-DD201BF959E9}.Release|Any CPU.Build.0 = Release|Any CPU
		{06A9906A-FE34-47A6-AEFB-859424A6D0F9}.Debug|Any CPU.ActiveCfg = Debug|Any CPU
		{06A9906A-FE34-47A6-AEFB-859424A6D0F9}.Debug|Any CPU.Build.0 = Debug|Any CPU
		{06A9906A-FE34-47A6-AEFB-859424A6D0F9}.Release|Any CPU.ActiveCfg = Release|Any CPU
		{06A9906A-FE34-47A6-AEFB-859424A6D0F9}.Release|Any CPU.Build.0 = Release|Any CPU
		{4DB4E3D9-983E-4F52-BAEF-331C9E984B13}.Debug|Any CPU.ActiveCfg = Debug|Any CPU
		{4DB4E3D9-983E-4F52-BAEF-331C9E984B13}.Debug|Any CPU.Build.0 = Debug|Any CPU
		{4DB4E3D9-983E-4F52-BAEF-331C9E984B13}.Release|Any CPU.ActiveCfg = Release|Any CPU
		{4DB4E3D9-983E-4F52-BAEF-331C9E984B13}.Release|Any CPU.Build.0 = Release|Any CPU
		{7FF9690F-0917-4018-BA1A-FA39DE02ADFE}.Debug|Any CPU.ActiveCfg = Debug|Any CPU
		{7FF9690F-0917-4018-BA1A-FA39DE02ADFE}.Debug|Any CPU.Build.0 = Debug|Any CPU
		{7FF9690F-0917-4018-BA1A-FA39DE02ADFE}.Release|Any CPU.ActiveCfg = Release|Any CPU
		{7FF9690F-0917-4018-BA1A-FA39DE02ADFE}.Release|Any CPU.Build.0 = Release|Any CPU
		{57204CBC-C2D1-4BDF-8D74-1A5A7847766F}.Debug|Any CPU.ActiveCfg = Debug|Any CPU
		{57204CBC-C2D1-4BDF-8D74-1A5A7847766F}.Debug|Any CPU.Build.0 = Debug|Any CPU
		{57204CBC-C2D1-4BDF-8D74-1A5A7847766F}.Release|Any CPU.ActiveCfg = Release|Any CPU
		{57204CBC-C2D1-4BDF-8D74-1A5A7847766F}.Release|Any CPU.Build.0 = Release|Any CPU
		{D524CFF4-5605-4DE1-A37C-715FF26649D3}.Debug|Any CPU.ActiveCfg = Debug|Any CPU
		{D524CFF4-5605-4DE1-A37C-715FF26649D3}.Debug|Any CPU.Build.0 = Debug|Any CPU
		{D524CFF4-5605-4DE1-A37C-715FF26649D3}.Release|Any CPU.ActiveCfg = Release|Any CPU
		{D524CFF4-5605-4DE1-A37C-715FF26649D3}.Release|Any CPU.Build.0 = Release|Any CPU
		{588D728C-F172-4BE9-BEAB-75A1F026E72B}.Debug|Any CPU.ActiveCfg = Debug|Any CPU
		{588D728C-F172-4BE9-BEAB-75A1F026E72B}.Debug|Any CPU.Build.0 = Debug|Any CPU
		{588D728C-F172-4BE9-BEAB-75A1F026E72B}.Release|Any CPU.ActiveCfg = Release|Any CPU
		{588D728C-F172-4BE9-BEAB-75A1F026E72B}.Release|Any CPU.Build.0 = Release|Any CPU
		{197440E7-54AD-4275-B71F-24E64A087607}.Debug|Any CPU.ActiveCfg = Debug|Any CPU
		{197440E7-54AD-4275-B71F-24E64A087607}.Debug|Any CPU.Build.0 = Debug|Any CPU
		{197440E7-54AD-4275-B71F-24E64A087607}.Release|Any CPU.ActiveCfg = Release|Any CPU
		{197440E7-54AD-4275-B71F-24E64A087607}.Release|Any CPU.Build.0 = Release|Any CPU
		{DD4C9110-D414-4DBB-A7EE-6B40CF80780A}.Debug|Any CPU.ActiveCfg = Debug|Any CPU
		{DD4C9110-D414-4DBB-A7EE-6B40CF80780A}.Debug|Any CPU.Build.0 = Debug|Any CPU
		{DD4C9110-D414-4DBB-A7EE-6B40CF80780A}.Release|Any CPU.ActiveCfg = Release|Any CPU
		{DD4C9110-D414-4DBB-A7EE-6B40CF80780A}.Release|Any CPU.Build.0 = Release|Any CPU
		{97092B6C-EA7F-4699-B329-AFD9121DEF0F}.Debug|Any CPU.ActiveCfg = Debug|Any CPU
		{97092B6C-EA7F-4699-B329-AFD9121DEF0F}.Debug|Any CPU.Build.0 = Debug|Any CPU
		{97092B6C-EA7F-4699-B329-AFD9121DEF0F}.Release|Any CPU.ActiveCfg = Release|Any CPU
		{97092B6C-EA7F-4699-B329-AFD9121DEF0F}.Release|Any CPU.Build.0 = Release|Any CPU
		{8C5F43F7-1B31-410C-B54E-C73A5CE734F3}.Debug|Any CPU.ActiveCfg = Debug|Any CPU
		{8C5F43F7-1B31-410C-B54E-C73A5CE734F3}.Debug|Any CPU.Build.0 = Debug|Any CPU
		{8C5F43F7-1B31-410C-B54E-C73A5CE734F3}.Release|Any CPU.ActiveCfg = Release|Any CPU
		{8C5F43F7-1B31-410C-B54E-C73A5CE734F3}.Release|Any CPU.Build.0 = Release|Any CPU
		{819C037C-A590-4301-A45D-83F92DAC3A6A}.Debug|Any CPU.ActiveCfg = Debug|Any CPU
		{819C037C-A590-4301-A45D-83F92DAC3A6A}.Debug|Any CPU.Build.0 = Debug|Any CPU
		{819C037C-A590-4301-A45D-83F92DAC3A6A}.Release|Any CPU.ActiveCfg = Release|Any CPU
		{819C037C-A590-4301-A45D-83F92DAC3A6A}.Release|Any CPU.Build.0 = Release|Any CPU
		{89F962D7-E007-4FB8-9DE4-94F960405F03}.Debug|Any CPU.ActiveCfg = Debug|Any CPU
		{89F962D7-E007-4FB8-9DE4-94F960405F03}.Debug|Any CPU.Build.0 = Debug|Any CPU
		{89F962D7-E007-4FB8-9DE4-94F960405F03}.Release|Any CPU.ActiveCfg = Release|Any CPU
		{89F962D7-E007-4FB8-9DE4-94F960405F03}.Release|Any CPU.Build.0 = Release|Any CPU
		{78D5E549-0DF2-49C6-B01E-8C4959F60E72}.Debug|Any CPU.ActiveCfg = Debug|Any CPU
		{78D5E549-0DF2-49C6-B01E-8C4959F60E72}.Debug|Any CPU.Build.0 = Debug|Any CPU
		{78D5E549-0DF2-49C6-B01E-8C4959F60E72}.Release|Any CPU.ActiveCfg = Release|Any CPU
		{78D5E549-0DF2-49C6-B01E-8C4959F60E72}.Release|Any CPU.Build.0 = Release|Any CPU
		{D91524FB-7AFE-491C-98AC-2389AF65C004}.Debug|Any CPU.ActiveCfg = Debug|Any CPU
		{D91524FB-7AFE-491C-98AC-2389AF65C004}.Debug|Any CPU.Build.0 = Debug|Any CPU
		{D91524FB-7AFE-491C-98AC-2389AF65C004}.Release|Any CPU.ActiveCfg = Release|Any CPU
		{D91524FB-7AFE-491C-98AC-2389AF65C004}.Release|Any CPU.Build.0 = Release|Any CPU
		{C412B328-CD42-43D9-BF88-97C828C6ED0C}.Debug|Any CPU.ActiveCfg = Debug|Any CPU
		{C412B328-CD42-43D9-BF88-97C828C6ED0C}.Debug|Any CPU.Build.0 = Debug|Any CPU
		{C412B328-CD42-43D9-BF88-97C828C6ED0C}.Release|Any CPU.ActiveCfg = Release|Any CPU
		{C412B328-CD42-43D9-BF88-97C828C6ED0C}.Release|Any CPU.Build.0 = Release|Any CPU
		{77C213A4-FA11-4721-A40B-3E9E4ECF54E1}.Debug|Any CPU.ActiveCfg = Debug|Any CPU
		{77C213A4-FA11-4721-A40B-3E9E4ECF54E1}.Debug|Any CPU.Build.0 = Debug|Any CPU
		{77C213A4-FA11-4721-A40B-3E9E4ECF54E1}.Release|Any CPU.ActiveCfg = Release|Any CPU
		{77C213A4-FA11-4721-A40B-3E9E4ECF54E1}.Release|Any CPU.Build.0 = Release|Any CPU
	EndGlobalSection
	GlobalSection(SolutionProperties) = preSolution
		HideSolutionNode = FALSE
	EndGlobalSection
	GlobalSection(ExtensibilityGlobals) = postSolution
		SolutionGuid = {D20A16C1-BC69-44EE-A0CA-81A8A3529441}
	EndGlobalSection
EndGlobal
