
Microsoft Visual Studio Solution File, Format Version 12.00
# Visual Studio 15
VisualStudioVersion = 15.0.28307.168
MinimumVisualStudioVersion = 10.0.40219.1
Project("{9A19103F-16F7-4668-BE54-9A1E7A4F7556}") = "01", "01\01.csproj", "{880393EC-5430-453C-80C5-539A93740105}"
EndProject
Project("{9A19103F-16F7-4668-BE54-9A1E7A4F7556}") = "02", "02\02.csproj", "{F85AFFBB-99A9-4261-AE0D-F8EF7DF67927}"
EndProject
Project("{9A19103F-16F7-4668-BE54-9A1E7A4F7556}") = "03", "03\03.csproj", "{48D470AA-F227-4D14-95C4-85309BDF6406}"
EndProject
Project("{9A19103F-16F7-4668-BE54-9A1E7A4F7556}") = "04", "04\04.csproj", "{357D25FF-A102-496F-9BAB-1A850A498E18}"
EndProject
Project("{9A19103F-16F7-4668-BE54-9A1E7A4F7556}") = "05", "05\05.csproj", "{343726C6-16BB-4E1D-B14D-48252DA416C6}"
EndProject
Project("{9A19103F-16F7-4668-BE54-9A1E7A4F7556}") = "06", "06\06.csproj", "{374BA49E-9A39-4709-9D77-14B4200B62AD}"
EndProject
Global
	GlobalSection(SolutionConfigurationPlatforms) = preSolution
		Debug|Any CPU = Debug|Any CPU
		Release|Any CPU = Release|Any CPU
	EndGlobalSection
	GlobalSection(ProjectConfigurationPlatforms) = postSolution
		{880393EC-5430-453C-80C5-539A93740105}.Debug|Any CPU.ActiveCfg = Debug|Any CPU
		{880393EC-5430-453C-80C5-539A93740105}.Debug|Any CPU.Build.0 = Debug|Any CPU
		{880393EC-5430-453C-80C5-539A93740105}.Release|Any CPU.ActiveCfg = Release|Any CPU
		{880393EC-5430-453C-80C5-539A93740105}.Release|Any CPU.Build.0 = Release|Any CPU
		{F85AFFBB-99A9-4261-AE0D-F8EF7DF67927}.Debug|Any CPU.ActiveCfg = Debug|Any CPU
		{F85AFFBB-99A9-4261-AE0D-F8EF7DF67927}.Debug|Any CPU.Build.0 = Debug|Any CPU
		{F85AFFBB-99A9-4261-AE0D-F8EF7DF67927}.Release|Any CPU.ActiveCfg = Release|Any CPU
		{F85AFFBB-99A9-4261-AE0D-F8EF7DF67927}.Release|Any CPU.Build.0 = Release|Any CPU
		{48D470AA-F227-4D14-95C4-85309BDF6406}.Debug|Any CPU.ActiveCfg = Debug|Any CPU
		{48D470AA-F227-4D14-95C4-85309BDF6406}.Debug|Any CPU.Build.0 = Debug|Any CPU
		{48D470AA-F227-4D14-95C4-85309BDF6406}.Release|Any CPU.ActiveCfg = Release|Any CPU
		{48D470AA-F227-4D14-95C4-85309BDF6406}.Release|Any CPU.Build.0 = Release|Any CPU
		{357D25FF-A102-496F-9BAB-1A850A498E18}.Debug|Any CPU.ActiveCfg = Debug|Any CPU
		{357D25FF-A102-496F-9BAB-1A850A498E18}.Debug|Any CPU.Build.0 = Debug|Any CPU
		{357D25FF-A102-496F-9BAB-1A850A498E18}.Release|Any CPU.ActiveCfg = Release|Any CPU
		{357D25FF-A102-496F-9BAB-1A850A498E18}.Release|Any CPU.Build.0 = Release|Any CPU
		{343726C6-16BB-4E1D-B14D-48252DA416C6}.Debug|Any CPU.ActiveCfg = Debug|Any CPU
		{343726C6-16BB-4E1D-B14D-48252DA416C6}.Debug|Any CPU.Build.0 = Debug|Any CPU
		{343726C6-16BB-4E1D-B14D-48252DA416C6}.Release|Any CPU.ActiveCfg = Release|Any CPU
		{343726C6-16BB-4E1D-B14D-48252DA416C6}.Release|Any CPU.Build.0 = Release|Any CPU
		{374BA49E-9A39-4709-9D77-14B4200B62AD}.Debug|Any CPU.ActiveCfg = Debug|Any CPU
		{374BA49E-9A39-4709-9D77-14B4200B62AD}.Debug|Any CPU.Build.0 = Debug|Any CPU
		{374BA49E-9A39-4709-9D77-14B4200B62AD}.Release|Any CPU.ActiveCfg = Release|Any CPU
		{374BA49E-9A39-4709-9D77-14B4200B62AD}.Release|Any CPU.Build.0 = Release|Any CPU
	EndGlobalSection
	GlobalSection(SolutionProperties) = preSolution
		HideSolutionNode = FALSE
	EndGlobalSection
	GlobalSection(ExtensibilityGlobals) = postSolution
		SolutionGuid = {D20A16C1-BC69-44EE-A0CA-81A8A3529441}
	EndGlobalSection
EndGlobal
